
Microsoft Visual Studio Solution File, Format Version 12.00
# Visual Studio 2012
Project("{FAE04EC0-301F-11D3-BF4B-00C04F79EFBC}") = "Demo_Forms", "Demo_Forms\Demo_Forms.csproj", "{F1EE8210-1CFF-49DA-8857-52848F5F2D3C}"
EndProject
Global
	GlobalSection(SolutionConfigurationPlatforms) = preSolution
		Debug|Any CPU = Debug|Any CPU
		Release|Any CPU = Release|Any CPU
	EndGlobalSection
	GlobalSection(ProjectConfigurationPlatforms) = postSolution
		{F1EE8210-1CFF-49DA-8857-52848F5F2D3C}.Debug|Any CPU.ActiveCfg = Debug|Any CPU
		{F1EE8210-1CFF-49DA-8857-52848F5F2D3C}.Debug|Any CPU.Build.0 = Debug|Any CPU
		{F1EE8210-1CFF-49DA-8857-52848F5F2D3C}.Release|Any CPU.ActiveCfg = Release|Any CPU
		{F1EE8210-1CFF-49DA-8857-52848F5F2D3C}.Release|Any CPU.Build.0 = Release|Any CPU
	EndGlobalSection
	GlobalSection(SolutionProperties) = preSolution
		HideSolutionNode = FALSE
	EndGlobalSection
EndGlobal
